// !$*UTF8*$!
{
	archiveVersion = 1;
	classes = {
	};
	objectVersion = 46;
	objects = {

/* Begin PBXBuildFile section */
		BCE093611B85CF9B00B6A1D7 /* main.m in Sources */ = {isa = PBXBuildFile; fileRef = BCE093601B85CF9B00B6A1D7 /* main.m */; };
		BCEE15481B860A5700AB93C3 /* GGAgeandConstellationFromBirthday.m in Sources */ = {isa = PBXBuildFile; fileRef = BCEE15471B860A5700AB93C3 /* GGAgeandConstellationFromBirthday.m */; };
/* End PBXBuildFile section */

/* Begin PBXCopyFilesBuildPhase section */
		BCE0935B1B85CF9B00B6A1D7 /* CopyFiles */ = {
			isa = PBXCopyFilesBuildPhase;
			buildActionMask = 2147483647;
			dstPath = /usr/share/man/man1/;
			dstSubfolderSpec = 0;
			files = (
			);
			runOnlyForDeploymentPostprocessing = 1;
		};
/* End PBXCopyFilesBuildPhase section */

/* Begin PBXFileReference section */
		BCE0935D1B85CF9B00B6A1D7 /* Age_constellation_fromBirthday */ = {isa = PBXFileReference; explicitFileType = "compiled.mach-o.executable"; includeInIndex = 0; path = Age_constellation_fromBirthday; sourceTree = BUILT_PRODUCTS_DIR; };
		BCE093601B85CF9B00B6A1D7 /* main.m */ = {isa = PBXFileReference; lastKnownFileType = sourcecode.c.objc; path = main.m; sourceTree = "<group>"; };
		BCEE15461B860A5700AB93C3 /* GGAgeandConstellationFromBirthday.h */ = {isa = PBXFileReference; fileEncoding = 4; lastKnownFileType = sourcecode.c.h; path = GGAgeandConstellationFromBirthday.h; sourceTree = "<group>"; };
		BCEE15471B860A5700AB93C3 /* GGAgeandConstellationFromBirthday.m */ = {isa = PBXFileReference; fileEncoding = 4; lastKnownFileType = sourcecode.c.objc; path = GGAgeandConstellationFromBirthday.m; sourceTree = "<group>"; };
/* End PBXFileReference section */

/* Begin PBXFrameworksBuildPhase section */
		BCE0935A1B85CF9B00B6A1D7 /* Frameworks */ = {
			isa = PBXFrameworksBuildPhase;
			buildActionMask = 2147483647;
			files = (
			);
			runOnlyForDeploymentPostprocessing = 0;
		};
/* End PBXFrameworksBuildPhase section */

/* Begin PBXGroup section */
		BCE093541B85CF9B00B6A1D7 = {
			isa = PBXGroup;
			children = (
				BCE0935F1B85CF9B00B6A1D7 /* Age_constellation_fromBirthday */,
				BCE0935E1B85CF9B00B6A1D7 /* Products */,
			);
			sourceTree = "<group>";
		};
		BCE0935E1B85CF9B00B6A1D7 /* Products */ = {
			isa = PBXGroup;
			children = (
				BCE0935D1B85CF9B00B6A1D7 /* Age_constellation_fromBirthday */,
			);
			name = Products;
			sourceTree = "<group>";
		};
		BCE0935F1B85CF9B00B6A1D7 /* Age_constellation_fromBirthday */ = {
			isa = PBXGroup;
			children = (
				BCEE15461B860A5700AB93C3 /* GGAgeandConstellationFromBirthday.h */,
				BCEE15471B860A5700AB93C3 /* GGAgeandConstellationFromBirthday.m */,
				BCE093601B85CF9B00B6A1D7 /* main.m */,
			);
			path = Age_constellation_fromBirthday;
			sourceTree = "<group>";
		};
/* End PBXGroup section */

/* Begin PBXNativeTarget section */
		BCE0935C1B85CF9B00B6A1D7 /* Age_constellation_fromBirthday */ = {
			isa = PBXNativeTarget;
			buildConfigurationList = BCE093641B85CF9B00B6A1D7 /* Build configuration list for PBXNativeTarget "Age_constellation_fromBirthday" */;
			buildPhases = (
				BCE093591B85CF9B00B6A1D7 /* Sources */,
				BCE0935A1B85CF9B00B6A1D7 /* Frameworks */,
				BCE0935B1B85CF9B00B6A1D7 /* CopyFiles */,
			);
			buildRules = (
			);
			dependencies = (
			);
			name = Age_constellation_fromBirthday;
			productName = Age_constellation_fromBirthday;
			productReference = BCE0935D1B85CF9B00B6A1D7 /* Age_constellation_fromBirthday */;
			productType = "com.apple.product-type.tool";
		};
/* End PBXNativeTarget section */

/* Begin PBXProject section */
		BCE093551B85CF9B00B6A1D7 /* Project object */ = {
			isa = PBXProject;
			attributes = {
				LastUpgradeCheck = 0610;
				ORGANIZATIONNAME = daihanqi;
				TargetAttributes = {
					BCE0935C1B85CF9B00B6A1D7 = {
						CreatedOnToolsVersion = 6.1;
					};
				};
			};
			buildConfigurationList = BCE093581B85CF9B00B6A1D7 /* Build configuration list for PBXProject "Age_constellation_fromBirthday" */;
			compatibilityVersion = "Xcode 3.2";
			developmentRegion = English;
			hasScannedForEncodings = 0;
			knownRegions = (
				en,
			);
			mainGroup = BCE093541B85CF9B00B6A1D7;
			productRefGroup = BCE0935E1B85CF9B00B6A1D7 /* Products */;
			projectDirPath = "";
			projectRoot = "";
			targets = (
				BCE0935C1B85CF9B00B6A1D7 /* Age_constellation_fromBirthday */,
			);
		};
/* End PBXProject section */

/* Begin PBXSourcesBuildPhase section */
		BCE093591B85CF9B00B6A1D7 /* Sources */ = {
			isa = PBXSourcesBuildPhase;
			buildActionMask = 2147483647;
			files = (
				BCEE15481B860A5700AB93C3 /* GGAgeandConstellationFromBirthday.m in Sources */,
				BCE093611B85CF9B00B6A1D7 /* main.m in Sources */,
			);
			runOnlyForDeploymentPostprocessing = 0;
		};
/* End PBXSourcesBuildPhase section */

/* Begin XCBuildConfiguration section */
		BCE093621B85CF9B00B6A1D7 /* Debug */ = {
			isa = XCBuildConfiguration;
			buildSettings = {
				ALWAYS_SEARCH_USER_PATHS = NO;
				CLANG_CXX_LANGUAGE_STANDARD = "gnu++0x";
				CLANG_CXX_LIBRARY = "libc++";
				CLANG_ENABLE_MODULES = YES;
				CLANG_ENABLE_OBJC_ARC = YES;
				CLANG_WARN_BOOL_CONVERSION = YES;
				CLANG_WARN_CONSTANT_CONVERSION = YES;
				CLANG_WARN_DIRECT_OBJC_ISA_USAGE = YES_ERROR;
				CLANG_WARN_EMPTY_BODY = YES;
				CLANG_WARN_ENUM_CONVERSION = YES;
				CLANG_WARN_INT_CONVERSION = YES;
				CLANG_WARN_OBJC_ROOT_CLASS = YES_ERROR;
				CLANG_WARN_UNREACHABLE_CODE = YES;
				CLANG_WARN__DUPLICATE_METHOD_MATCH = YES;
				COPY_PHASE_STRIP = NO;
				ENABLE_STRICT_OBJC_MSGSEND = YES;
				GCC_C_LANGUAGE_STANDARD = gnu99;
				GCC_DYNAMIC_NO_PIC = NO;
				GCC_OPTIMIZATION_LEVEL = 0;
				GCC_PREPROCESSOR_DEFINITIONS = (
					"DEBUG=1",
					"$(inherited)",
				);
				GCC_SYMBOLS_PRIVATE_EXTERN = NO;
				GCC_WARN_64_TO_32_BIT_CONVERSION = YES;
				GCC_WARN_ABOUT_RETURN_TYPE = YES_ERROR;
				GCC_WARN_UNDECLARED_SELECTOR = YES;
				GCC_WARN_UNINITIALIZED_AUTOS = YES_AGGRESSIVE;
				GCC_WARN_UNUSED_FUNCTION = YES;
				GCC_WARN_UNUSED_VARIABLE = YES;
				MACOSX_DEPLOYMENT_TARGET = 10.9;
				MTL_ENABLE_DEBUG_INFO = YES;
				ONLY_ACTIVE_ARCH = YES;
				SDKROOT = macosx;
			};
			name = Debug;
		};
		BCE093631B85CF9B00B6A1D7 /* Release */ = {
			isa = XCBuildConfiguration;
			buildSettings = {
				ALWAYS_SEARCH_USER_PATHS = NO;
				CLANG_CXX_LANGUAGE_STANDARD = "gnu++0x";
				CLANG_CXX_LIBRARY = "libc++";
				CLANG_ENABLE_MODULES = YES;
				CLANG_ENABLE_OBJC_ARC = YES;
				CLANG_WARN_BOOL_CONVERSION = YES;
				CLANG_WARN_CONSTANT_CONVERSION = YES;
				CLANG_WARN_DIRECT_OBJC_ISA_USAGE = YES_ERROR;
				CLANG_WARN_EMPTY_BODY = YES;
				CLANG_WARN_ENUM_CONVERSION = YES;
				CLANG_WARN_INT_CONVERSION = YES;
				CLANG_WARN_OBJC_ROOT_CLASS = YES_ERROR;
				CLANG_WARN_UNREACHABLE_CODE = YES;
				CLANG_WARN__DUPLICATE_METHOD_MATCH = YES;
				COPY_PHASE_STRIP = YES;
				DEBUG_INFORMATION_FORMAT = "dwarf-with-dsym";
				ENABLE_NS_ASSERTIONS = NO;
				ENABLE_STRICT_OBJC_MSGSEND = YES;
				GCC_C_LANGUAGE_STANDARD = gnu99;
				GCC_WARN_64_TO_32_BIT_CONVERSION = YES;
				GCC_WARN_ABOUT_RETURN_TYPE = YES_ERROR;
				GCC_WARN_UNDECLARED_SELECTOR = YES;
				GCC_WARN_UNINITIALIZED_AUTOS = YES_AGGRESSIVE;
				GCC_WARN_UNUSED_FUNCTION = YES;
				GCC_WARN_UNUSED_VARIABLE = YES;
				MACOSX_DEPLOYMENT_TARGET = 10.9;
				MTL_ENABLE_DEBUG_INFO = NO;
				SDKROOT = macosx;
			};
			name = Release;
		};
		BCE093651B85CF9B00B6A1D7 /* Debug */ = {
			isa = XCBuildConfiguration;
			buildSettings = {
				PRODUCT_NAME = "$(TARGET_NAME)";
			};
			name = Debug;
		};
		BCE093661B85CF9B00B6A1D7 /* Release */ = {
			isa = XCBuildConfiguration;
			buildSettings = {
				PRODUCT_NAME = "$(TARGET_NAME)";
			};
			name = Release;
		};
/* End XCBuildConfiguration section */

/* Begin XCConfigurationList section */
		BCE093581B85CF9B00B6A1D7 /* Build configuration list for PBXProject "Age_constellation_fromBirthday" */ = {
			isa = XCConfigurationList;
			buildConfigurations = (
				BCE093621B85CF9B00B6A1D7 /* Debug */,
				BCE093631B85CF9B00B6A1D7 /* Release */,
			);
			defaultConfigurationIsVisible = 0;
			defaultConfigurationName = Release;
		};
		BCE093641B85CF9B00B6A1D7 /* Build configuration list for PBXNativeTarget "Age_constellation_fromBirthday" */ = {
			isa = XCConfigurationList;
			buildConfigurations = (
				BCE093651B85CF9B00B6A1D7 /* Debug */,
				BCE093661B85CF9B00B6A1D7 /* Release */,
			);
			defaultConfigurationIsVisible = 0;
			defaultConfigurationName = Release;
		};
/* End XCConfigurationList section */
	};
	rootObject = BCE093551B85CF9B00B6A1D7 /* Project object */;
}
